
Microsoft Visual Studio Solution File, Format Version 10.00
# Visual Studio 2008
Project("{FAE04EC0-301F-11D3-BF4B-00C04F79EFBC}") = "TestLU", "TestLU.csproj", "{3DD136D7-8556-4287-B4E5-6E3122D2808D}"
EndProject
Global
	GlobalSection(SolutionConfigurationPlatforms) = preSolution
		Debug|Any CPU = Debug|Any CPU
		Release|Any CPU = Release|Any CPU
	EndGlobalSection
	GlobalSection(ProjectConfigurationPlatforms) = postSolution
		{3DD136D7-8556-4287-B4E5-6E3122D2808D}.Debug|Any CPU.ActiveCfg = Debug|Any CPU
		{3DD136D7-8556-4287-B4E5-6E3122D2808D}.Debug|Any CPU.Build.0 = Debug|Any CPU
		{3DD136D7-8556-4287-B4E5-6E3122D2808D}.Release|Any CPU.ActiveCfg = Release|Any CPU
		{3DD136D7-8556-4287-B4E5-6E3122D2808D}.Release|Any CPU.Build.0 = Release|Any CPU
	EndGlobalSection
	GlobalSection(SolutionProperties) = preSolution
		HideSolutionNode = FALSE
	EndGlobalSection
EndGlobal
